
Microsoft Visual Studio Solution File, Format Version 12.00
# Visual Studio 15
Project("{FAE04EC0-301F-11D3-BF4B-00C04F79EFBC}") = "SimpleWebTransport", "SimpleWebTransport.csproj", "{92D0730C-02DB-EC95-8563-E35ACC66AE4A}"
EndProject
Project("{FAE04EC0-301F-11D3-BF4B-00C04F79EFBC}") = "Mirror.Examples", "Mirror.Examples.csproj", "{0BD2B03E-2F51-4069-299A-17735B77ABFB}"
EndProject
Project("{FAE04EC0-301F-11D3-BF4B-00C04F79EFBC}") = "Mirror", "Mirror.csproj", "{E4C24AF8-91A2-FE7F-AA79-A99441BDD6F9}"
EndProject
Project("{FAE04EC0-301F-11D3-BF4B-00C04F79EFBC}") = "Mirror.Components", "Mirror.Components.csproj", "{C9E4BAC0-24A7-5C50-70C5-CC462D2589FA}"
EndProject
Project("{FAE04EC0-301F-11D3-BF4B-00C04F79EFBC}") = "Assembly-CSharp", "Assembly-CSharp.csproj", "{92676C68-EB87-B8CA-A5CD-1B0EE1886F2B}"
EndProject
Project("{FAE04EC0-301F-11D3-BF4B-00C04F79EFBC}") = "Telepathy", "Telepathy.csproj", "{FC513AAD-E7B7-2223-54B1-327ABDD64B0B}"
EndProject
Project("{FAE04EC0-301F-11D3-BF4B-00C04F79EFBC}") = "kcp2k", "kcp2k.csproj", "{0E14BC4D-1D69-3185-9382-2CCF6B88ED32}"
EndProject
Project("{FAE04EC0-301F-11D3-BF4B-00C04F79EFBC}") = "where-allocations", "where-allocations.csproj", "{6F8D9FAE-8A19-4633-4ECD-DEF18A1247EE}"
EndProject
Project("{FAE04EC0-301F-11D3-BF4B-00C04F79EFBC}") = "Mirror.Authenticators", "Mirror.Authenticators.csproj", "{054DC626-F274-1362-E7A4-973A9667CEBA}"
EndProject
Project("{FAE04EC0-301F-11D3-BF4B-00C04F79EFBC}") = "Unity.Mirror.CodeGen", "Unity.Mirror.CodeGen.csproj", "{EBE7B1E1-9C6A-3FAD-2A27-34B180057BB9}"
EndProject
Project("{FAE04EC0-301F-11D3-BF4B-00C04F79EFBC}") = "Mirror.Editor", "Mirror.Editor.csproj", "{18921F1E-1B2E-DFF5-8D8D-721983F4AA62}"
EndProject
Project("{FAE04EC0-301F-11D3-BF4B-00C04F79EFBC}") = "Mirror.CompilerSymbols", "Mirror.CompilerSymbols.csproj", "{EC7EA7AB-D919-4C85-ACE6-79009B95F4D9}"
EndProject
Global
	GlobalSection(SolutionConfigurationPlatforms) = preSolution
		Debug|Any CPU = Debug|Any CPU
		Release|Any CPU = Release|Any CPU
	EndGlobalSection
	GlobalSection(ProjectConfigurationPlatforms) = postSolution
		{92D0730C-02DB-EC95-8563-E35ACC66AE4A}.Debug|Any CPU.ActiveCfg = Debug|Any CPU
		{92D0730C-02DB-EC95-8563-E35ACC66AE4A}.Debug|Any CPU.Build.0 = Debug|Any CPU
		{92D0730C-02DB-EC95-8563-E35ACC66AE4A}.Release|Any CPU.ActiveCfg = Release|Any CPU
		{92D0730C-02DB-EC95-8563-E35ACC66AE4A}.Release|Any CPU.Build.0 = Release|Any CPU
		{0BD2B03E-2F51-4069-299A-17735B77ABFB}.Debug|Any CPU.ActiveCfg = Debug|Any CPU
		{0BD2B03E-2F51-4069-299A-17735B77ABFB}.Debug|Any CPU.Build.0 = Debug|Any CPU
		{0BD2B03E-2F51-4069-299A-17735B77ABFB}.Release|Any CPU.ActiveCfg = Release|Any CPU
		{0BD2B03E-2F51-4069-299A-17735B77ABFB}.Release|Any CPU.Build.0 = Release|Any CPU
		{E4C24AF8-91A2-FE7F-AA79-A99441BDD6F9}.Debug|Any CPU.ActiveCfg = Debug|Any CPU
		{E4C24AF8-91A2-FE7F-AA79-A99441BDD6F9}.Debug|Any CPU.Build.0 = Debug|Any CPU
		{E4C24AF8-91A2-FE7F-AA79-A99441BDD6F9}.Release|Any CPU.ActiveCfg = Release|Any CPU
		{E4C24AF8-91A2-FE7F-AA79-A99441BDD6F9}.Release|Any CPU.Build.0 = Release|Any CPU
		{C9E4BAC0-24A7-5C50-70C5-CC462D2589FA}.Debug|Any CPU.ActiveCfg = Debug|Any CPU
		{C9E4BAC0-24A7-5C50-70C5-CC462D2589FA}.Debug|Any CPU.Build.0 = Debug|Any CPU
		{C9E4BAC0-24A7-5C50-70C5-CC462D2589FA}.Release|Any CPU.ActiveCfg = Release|Any CPU
		{C9E4BAC0-24A7-5C50-70C5-CC462D2589FA}.Release|Any CPU.Build.0 = Release|Any CPU
		{92676C68-EB87-B8CA-A5CD-1B0EE1886F2B}.Debug|Any CPU.ActiveCfg = Debug|Any CPU
		{92676C68-EB87-B8CA-A5CD-1B0EE1886F2B}.Debug|Any CPU.Build.0 = Debug|Any CPU
		{92676C68-EB87-B8CA-A5CD-1B0EE1886F2B}.Release|Any CPU.ActiveCfg = Release|Any CPU
		{92676C68-EB87-B8CA-A5CD-1B0EE1886F2B}.Release|Any CPU.Build.0 = Release|Any CPU
		{FC513AAD-E7B7-2223-54B1-327ABDD64B0B}.Debug|Any CPU.ActiveCfg = Debug|Any CPU
		{FC513AAD-E7B7-2223-54B1-327ABDD64B0B}.Debug|Any CPU.Build.0 = Debug|Any CPU
		{FC513AAD-E7B7-2223-54B1-327ABDD64B0B}.Release|Any CPU.ActiveCfg = Release|Any CPU
		{FC513AAD-E7B7-2223-54B1-327ABDD64B0B}.Release|Any CPU.Build.0 = Release|Any CPU
		{0E14BC4D-1D69-3185-9382-2CCF6B88ED32}.Debug|Any CPU.ActiveCfg = Debug|Any CPU
		{0E14BC4D-1D69-3185-9382-2CCF6B88ED32}.Debug|Any CPU.Build.0 = Debug|Any CPU
		{0E14BC4D-1D69-3185-9382-2CCF6B88ED32}.Release|Any CPU.ActiveCfg = Release|Any CPU
		{0E14BC4D-1D69-3185-9382-2CCF6B88ED32}.Release|Any CPU.Build.0 = Release|Any CPU
		{6F8D9FAE-8A19-4633-4ECD-DEF18A1247EE}.Debug|Any CPU.ActiveCfg = Debug|Any CPU
		{6F8D9FAE-8A19-4633-4ECD-DEF18A1247EE}.Debug|Any CPU.Build.0 = Debug|Any CPU
		{6F8D9FAE-8A19-4633-4ECD-DEF18A1247EE}.Release|Any CPU.ActiveCfg = Release|Any CPU
		{6F8D9FAE-8A19-4633-4ECD-DEF18A1247EE}.Release|Any CPU.Build.0 = Release|Any CPU
		{054DC626-F274-1362-E7A4-973A9667CEBA}.Debug|Any CPU.ActiveCfg = Debug|Any CPU
		{054DC626-F274-1362-E7A4-973A9667CEBA}.Debug|Any CPU.Build.0 = Debug|Any CPU
		{054DC626-F274-1362-E7A4-973A9667CEBA}.Release|Any CPU.ActiveCfg = Release|Any CPU
		{054DC626-F274-1362-E7A4-973A9667CEBA}.Release|Any CPU.Build.0 = Release|Any CPU
		{EBE7B1E1-9C6A-3FAD-2A27-34B180057BB9}.Debug|Any CPU.ActiveCfg = Debug|Any CPU
		{EBE7B1E1-9C6A-3FAD-2A27-34B180057BB9}.Debug|Any CPU.Build.0 = Debug|Any CPU
		{EBE7B1E1-9C6A-3FAD-2A27-34B180057BB9}.Release|Any CPU.ActiveCfg = Release|Any CPU
		{EBE7B1E1-9C6A-3FAD-2A27-34B180057BB9}.Release|Any CPU.Build.0 = Release|Any CPU
		{18921F1E-1B2E-DFF5-8D8D-721983F4AA62}.Debug|Any CPU.ActiveCfg = Debug|Any CPU
		{18921F1E-1B2E-DFF5-8D8D-721983F4AA62}.Debug|Any CPU.Build.0 = Debug|Any CPU
		{18921F1E-1B2E-DFF5-8D8D-721983F4AA62}.Release|Any CPU.ActiveCfg = Release|Any CPU
		{18921F1E-1B2E-DFF5-8D8D-721983F4AA62}.Release|Any CPU.Build.0 = Release|Any CPU
		{EC7EA7AB-D919-4C85-ACE6-79009B95F4D9}.Debug|Any CPU.ActiveCfg = Debug|Any CPU
		{EC7EA7AB-D919-4C85-ACE6-79009B95F4D9}.Debug|Any CPU.Build.0 = Debug|Any CPU
		{EC7EA7AB-D919-4C85-ACE6-79009B95F4D9}.Release|Any CPU.ActiveCfg = Release|Any CPU
		{EC7EA7AB-D919-4C85-ACE6-79009B95F4D9}.Release|Any CPU.Build.0 = Release|Any CPU
	EndGlobalSection
	GlobalSection(SolutionProperties) = preSolution
		HideSolutionNode = FALSE
	EndGlobalSection
EndGlobal
